
Microsoft Visual Studio Solution File, Format Version 12.00
# Visual Studio 15
VisualStudioVersion = 15.0.28010.2019
MinimumVisualStudioVersion = 10.0.40219.1
Project("{8BC9CEB8-8B4A-11D0-8D11-00A0C91BC942}") = "NetworkGameClient", "NetworkGameClient\NetworkGameClient.vcxproj", "{DC3BD184-677F-4D90-B5CD-CF11D62C657E}"
	ProjectSection(ProjectDependencies) = postProject
		{E8AAD2D1-6608-4F60-8B8B-5C02A829BCFF} = {E8AAD2D1-6608-4F60-8B8B-5C02A829BCFF}
	EndProjectSection
EndProject
Project("{8BC9CEB8-8B4A-11D0-8D11-00A0C91BC942}") = "NetworkGameServer", "NetworkGameServer\NetworkGameServer.vcxproj", "{A5A04061-8AF1-4168-8535-1BB6B90D2926}"
	ProjectSection(ProjectDependencies) = postProject
		{E8AAD2D1-6608-4F60-8B8B-5C02A829BCFF} = {E8AAD2D1-6608-4F60-8B8B-5C02A829BCFF}
	EndProjectSection
EndProject
Project("{8BC9CEB8-8B4A-11D0-8D11-00A0C91BC942}") = "NetworkLib", "NetworkLib\NetworkLib.vcxproj", "{E8AAD2D1-6608-4F60-8B8B-5C02A829BCFF}"
EndProject
Global
	GlobalSection(SolutionConfigurationPlatforms) = preSolution
		Debug|x64 = Debug|x64
		Debug|x86 = Debug|x86
		Release|x64 = Release|x64
		Release|x86 = Release|x86
	EndGlobalSection
	GlobalSection(ProjectConfigurationPlatforms) = postSolution
		{DC3BD184-677F-4D90-B5CD-CF11D62C657E}.Debug|x64.ActiveCfg = Debug|x64
		{DC3BD184-677F-4D90-B5CD-CF11D62C657E}.Debug|x64.Build.0 = Debug|x64
		{DC3BD184-677F-4D90-B5CD-CF11D62C657E}.Debug|x86.ActiveCfg = Debug|Win32
		{DC3BD184-677F-4D90-B5CD-CF11D62C657E}.Debug|x86.Build.0 = Debug|Win32
		{DC3BD184-677F-4D90-B5CD-CF11D62C657E}.Release|x64.ActiveCfg = Release|x64
		{DC3BD184-677F-4D90-B5CD-CF11D62C657E}.Release|x64.Build.0 = Release|x64
		{DC3BD184-677F-4D90-B5CD-CF11D62C657E}.Release|x86.ActiveCfg = Release|Win32
		{DC3BD184-677F-4D90-B5CD-CF11D62C657E}.Release|x86.Build.0 = Release|Win32
		{A5A04061-8AF1-4168-8535-1BB6B90D2926}.Debug|x64.ActiveCfg = Debug|x64
		{A5A04061-8AF1-4168-8535-1BB6B90D2926}.Debug|x64.Build.0 = Debug|x64
		{A5A04061-8AF1-4168-8535-1BB6B90D2926}.Debug|x86.ActiveCfg = Debug|Win32
		{A5A04061-8AF1-4168-8535-1BB6B90D2926}.Debug|x86.Build.0 = Debug|Win32
		{A5A04061-8AF1-4168-8535-1BB6B90D2926}.Release|x64.ActiveCfg = Release|x64
		{A5A04061-8AF1-4168-8535-1BB6B90D2926}.Release|x64.Build.0 = Release|x64
		{A5A04061-8AF1-4168-8535-1BB6B90D2926}.Release|x86.ActiveCfg = Release|Win32
		{A5A04061-8AF1-4168-8535-1BB6B90D2926}.Release|x86.Build.0 = Release|Win32
		{E8AAD2D1-6608-4F60-8B8B-5C02A829BCFF}.Debug|x64.ActiveCfg = Debug|Win32
		{E8AAD2D1-6608-4F60-8B8B-5C02A829BCFF}.Debug|x86.ActiveCfg = Debug|Win32
		{E8AAD2D1-6608-4F60-8B8B-5C02A829BCFF}.Debug|x86.Build.0 = Debug|Win32
		{E8AAD2D1-6608-4F60-8B8B-5C02A829BCFF}.Release|x64.ActiveCfg = Release|Win32
		{E8AAD2D1-6608-4F60-8B8B-5C02A829BCFF}.Release|x86.ActiveCfg = Release|Win32
		{E8AAD2D1-6608-4F60-8B8B-5C02A829BCFF}.Release|x86.Build.0 = Release|Win32
	EndGlobalSection
	GlobalSection(SolutionProperties) = preSolution
		HideSolutionNode = FALSE
	EndGlobalSection
	GlobalSection(ExtensibilityGlobals) = postSolution
		SolutionGuid = {9FDFE9C1-628E-497A-9D4C-F5B480D39721}
	EndGlobalSection
EndGlobal
